// !$*UTF8*$!
{
	archiveVersion = 1;
	classes = {
	};
	objectVersion = 50;
	objects = {

/* Begin PBXBuildFile section */
		5BF43D7A220AB02C00B83085 /* ProfileSettingsController.swift in Sources */ = {isa = PBXBuildFile; fileRef = 5BF43D79220AB02C00B83085 /* ProfileSettingsController.swift */; };
		9406F93F22151AA800FBFC35 /* Assets.xcassets in Resources */ = {isa = PBXBuildFile; fileRef = 9406F93E22151AA800FBFC35 /* Assets.xcassets */; };
		B121FA3ECE01D835217E0F53 /* Pods_TuTour.framework in Frameworks */ = {isa = PBXBuildFile; fileRef = 85ACB923AE449EA5A49E4C4A /* Pods_TuTour.framework */; };
		B305646B218FFD5E0022EE7F /* Message.swift in Sources */ = {isa = PBXBuildFile; fileRef = B305646A218FFD5E0022EE7F /* Message.swift */; };
		B3082FFE2158961B004D0B1A /* AppDelegate.swift in Sources */ = {isa = PBXBuildFile; fileRef = B3082FFD2158961B004D0B1A /* AppDelegate.swift */; };
		B30830082158961C004D0B1A /* LaunchScreen.storyboard in Resources */ = {isa = PBXBuildFile; fileRef = B30830062158961C004D0B1A /* LaunchScreen.storyboard */; };
		B308301021589A82004D0B1A /* Start.storyboard in Resources */ = {isa = PBXBuildFile; fileRef = B308300F21589A82004D0B1A /* Start.storyboard */; };
		B31A20D82232DC600040AED6 /* SuggestedUsersViewController.swift in Sources */ = {isa = PBXBuildFile; fileRef = B31A20D72232DC600040AED6 /* SuggestedUsersViewController.swift */; };
		B31A20DA2232EBE50040AED6 /* SuggestedUserCell.swift in Sources */ = {isa = PBXBuildFile; fileRef = B31A20D92232EBE50040AED6 /* SuggestedUserCell.swift */; };
		B31A4DA1222CE72D00EAEF77 /* Comment.swift in Sources */ = {isa = PBXBuildFile; fileRef = B31A4DA0222CE72D00EAEF77 /* Comment.swift */; };
		B32F24FB2159B87C00930BAA /* SignInViewController.swift in Sources */ = {isa = PBXBuildFile; fileRef = B32F24FA2159B87C00930BAA /* SignInViewController.swift */; };
		B32F24FD2159C4C800930BAA /* SignUpViewController.swift in Sources */ = {isa = PBXBuildFile; fileRef = B32F24FC2159C4C800930BAA /* SignUpViewController.swift */; };
		B32F2503215AB96700930BAA /* HomeViewController.swift in Sources */ = {isa = PBXBuildFile; fileRef = B32F2502215AB96700930BAA /* HomeViewController.swift */; };
		B32F2506215AB9AE00930BAA /* DiscoverViewController.swift in Sources */ = {isa = PBXBuildFile; fileRef = B32F2505215AB9AE00930BAA /* DiscoverViewController.swift */; };
		B32F2508215AB9C100930BAA /* CameraViewController.swift in Sources */ = {isa = PBXBuildFile; fileRef = B32F2507215AB9C100930BAA /* CameraViewController.swift */; };
		B32F250A215AB9F000930BAA /* MeetingRequestsTableViewController.swift in Sources */ = {isa = PBXBuildFile; fileRef = B32F2509215AB9F000930BAA /* MeetingRequestsTableViewController.swift */; };
		B32F250C215ABA1700930BAA /* ProfileViewController.swift in Sources */ = {isa = PBXBuildFile; fileRef = B32F250B215ABA1700930BAA /* ProfileViewController.swift */; };
		B3308CB121D60B8500A0404D /* SubjectCell.swift in Sources */ = {isa = PBXBuildFile; fileRef = B3308CB021D60B8500A0404D /* SubjectCell.swift */; };
		B3308CB321D60C2F00A0404D /* SubjectsViewController.swift in Sources */ = {isa = PBXBuildFile; fileRef = B3308CB221D60C2F00A0404D /* SubjectsViewController.swift */; };
		B3431C582196806600401E8D /* UserCellInNewMessages.swift in Sources */ = {isa = PBXBuildFile; fileRef = B3431C572196806600401E8D /* UserCellInNewMessages.swift */; };
		B3433A9821744C8C00BE44D7 /* ChatLogViewController.swift in Sources */ = {isa = PBXBuildFile; fileRef = B3433A9721744C8C00BE44D7 /* ChatLogViewController.swift */; };
		B34E788A215B0AA600A79B10 /* Main.storyboard in Resources */ = {isa = PBXBuildFile; fileRef = B34E7889215B0AA600A79B10 /* Main.storyboard */; };
		B34E788C215B354E00A79B10 /* Home.storyboard in Resources */ = {isa = PBXBuildFile; fileRef = B34E788B215B354E00A79B10 /* Home.storyboard */; };
		B34E788E215B361500A79B10 /* Discover.storyboard in Resources */ = {isa = PBXBuildFile; fileRef = B34E788D215B361500A79B10 /* Discover.storyboard */; };
		B34E7890215B438A00A79B10 /* Camera.storyboard in Resources */ = {isa = PBXBuildFile; fileRef = B34E788F215B438A00A79B10 /* Camera.storyboard */; };
		B34E7892215B43B500A79B10 /* Activity.storyboard in Resources */ = {isa = PBXBuildFile; fileRef = B34E7891215B43B500A79B10 /* Activity.storyboard */; };
		B34E7894215B43E500A79B10 /* Profile.storyboard in Resources */ = {isa = PBXBuildFile; fileRef = B34E7893215B43E500A79B10 /* Profile.storyboard */; };
		B34E7899215B5B6400A79B10 /* GoogleService-Info.plist in Resources */ = {isa = PBXBuildFile; fileRef = B34E7898215B5B6400A79B10 /* GoogleService-Info.plist */; };
		B34E789B2163337700A79B10 /* AuthService.swift in Sources */ = {isa = PBXBuildFile; fileRef = B34E789A2163337700A79B10 /* AuthService.swift */; };
		B34E78A2216829A400A79B10 /* PostCell.swift in Sources */ = {isa = PBXBuildFile; fileRef = B34E78A1216829A400A79B10 /* PostCell.swift */; };
		B34E78A42169BABC00A79B10 /* UserCellInDiscover.swift in Sources */ = {isa = PBXBuildFile; fileRef = B34E78A32169BABC00A79B10 /* UserCellInDiscover.swift */; };
		B358F45821F431CA00E53F08 /* DatePickerViewController.swift in Sources */ = {isa = PBXBuildFile; fileRef = B358F45721F431CA00E53F08 /* DatePickerViewController.swift */; };
		B358F45B21F4FE0A00E53F08 /* LocationPickerViewController.swift in Sources */ = {isa = PBXBuildFile; fileRef = B358F45A21F4FE0A00E53F08 /* LocationPickerViewController.swift */; };
		B358F45D21F546D500E53F08 /* MeetingRequest.swift in Sources */ = {isa = PBXBuildFile; fileRef = B358F45C21F546D500E53F08 /* MeetingRequest.swift */; };
		B358F46121F94CEB00E53F08 /* MeetingRequestCell.swift in Sources */ = {isa = PBXBuildFile; fileRef = B358F46021F94CEB00E53F08 /* MeetingRequestCell.swift */; };
		B36EA7EE220C0EC100551E8C /* ScheduledMeetingsTableViewController.swift in Sources */ = {isa = PBXBuildFile; fileRef = B36EA7ED220C0EC100551E8C /* ScheduledMeetingsTableViewController.swift */; };
		B36F4E6D220D2DBB001380EE /* MasterActivityViewController.swift in Sources */ = {isa = PBXBuildFile; fileRef = B36F4E6C220D2DBB001380EE /* MasterActivityViewController.swift */; };
		B3728ED9220E0407003FA560 /* ScheduledMeeting.swift in Sources */ = {isa = PBXBuildFile; fileRef = B3728ED8220E0407003FA560 /* ScheduledMeeting.swift */; };
		B37A32B8222AFB98008B7F56 /* CommentCell.swift in Sources */ = {isa = PBXBuildFile; fileRef = B37A32B7222AFB98008B7F56 /* CommentCell.swift */; };
		B38A14CD2213D97500CFEAA5 /* SelectAvailableDaysViewController.swift in Sources */ = {isa = PBXBuildFile; fileRef = B38A14CC2213D97500CFEAA5 /* SelectAvailableDaysViewController.swift */; };
		B39EE9EA22039DF9005550A9 /* MeetingRequestViewController.swift in Sources */ = {isa = PBXBuildFile; fileRef = B39EE9E922039DF9005550A9 /* MeetingRequestViewController.swift */; };
		B3A3C90321D751BA00E0C05F /* SubjectVCFindTutor.swift in Sources */ = {isa = PBXBuildFile; fileRef = B3A3C90221D751BA00E0C05F /* SubjectVCFindTutor.swift */; };
		B3A3C90521D7524900E0C05F /* SubjectsVCRegisterAsTutor.swift in Sources */ = {isa = PBXBuildFile; fileRef = B3A3C90421D7524900E0C05F /* SubjectsVCRegisterAsTutor.swift */; };
		B3A3C90A21DD745300E0C05F /* SubjectCellWithNumTutors.swift in Sources */ = {isa = PBXBuildFile; fileRef = B3A3C90921DD745300E0C05F /* SubjectCellWithNumTutors.swift */; };
		B3BD05822177F5B500315922 /* CreateNewMessageThreadViewController.swift in Sources */ = {isa = PBXBuildFile; fileRef = B3BD05812177F5B500315922 /* CreateNewMessageThreadViewController.swift */; };
		B3BD05C4218E639C00315922 /* MessagesViewController.swift in Sources */ = {isa = PBXBuildFile; fileRef = B3BD05C3218E639C00315922 /* MessagesViewController.swift */; };
		B3BD05C6218E65A100315922 /* User.swift in Sources */ = {isa = PBXBuildFile; fileRef = B3BD05C5218E65A100315922 /* User.swift */; };
		B3CE030621AD042D00BABFD9 /* MessageCell.swift in Sources */ = {isa = PBXBuildFile; fileRef = B3CE030521AD042D00BABFD9 /* MessageCell.swift */; };
		B3CE030A21B2035900BABFD9 /* DirectMessageBubble.swift in Sources */ = {isa = PBXBuildFile; fileRef = B3CE030921B2035900BABFD9 /* DirectMessageBubble.swift */; };
		B3CE617B21FFDF1A00AB4DF7 /* UserCell.swift in Sources */ = {isa = PBXBuildFile; fileRef = B3CE617A21FFDF1A00AB4DF7 /* UserCell.swift */; };
		B3F1A3A7222C1056001C8DC3 /* CommentsTableViewController.swift in Sources */ = {isa = PBXBuildFile; fileRef = B3F1A3A6222C1056001C8DC3 /* CommentsTableViewController.swift */; };
/* End PBXBuildFile section */

/* Begin PBXFileReference section */
		4923FC0A93FB08F55D26ACB2 /* Pods-TuTour.release.xcconfig */ = {isa = PBXFileReference; includeInIndex = 1; lastKnownFileType = text.xcconfig; name = "Pods-TuTour.release.xcconfig"; path = "Target Support Files/Pods-TuTour/Pods-TuTour.release.xcconfig"; sourceTree = "<group>"; };
		4B488484B1750DA64F0FC1F0 /* Pods-TuTour.debug.xcconfig */ = {isa = PBXFileReference; includeInIndex = 1; lastKnownFileType = text.xcconfig; name = "Pods-TuTour.debug.xcconfig"; path = "Target Support Files/Pods-TuTour/Pods-TuTour.debug.xcconfig"; sourceTree = "<group>"; };
		5BF43D79220AB02C00B83085 /* ProfileSettingsController.swift */ = {isa = PBXFileReference; lastKnownFileType = sourcecode.swift; path = ProfileSettingsController.swift; sourceTree = "<group>"; };
		85ACB923AE449EA5A49E4C4A /* Pods_TuTour.framework */ = {isa = PBXFileReference; explicitFileType = wrapper.framework; includeInIndex = 0; path = Pods_TuTour.framework; sourceTree = BUILT_PRODUCTS_DIR; };
		9406F93E22151AA800FBFC35 /* Assets.xcassets */ = {isa = PBXFileReference; lastKnownFileType = folder.assetcatalog; path = Assets.xcassets; sourceTree = "<group>"; };
		B305646A218FFD5E0022EE7F /* Message.swift */ = {isa = PBXFileReference; lastKnownFileType = sourcecode.swift; path = Message.swift; sourceTree = "<group>"; };
		B3082FFA2158961B004D0B1A /* TuTour.app */ = {isa = PBXFileReference; explicitFileType = wrapper.application; includeInIndex = 0; path = TuTour.app; sourceTree = BUILT_PRODUCTS_DIR; };
		B3082FFD2158961B004D0B1A /* AppDelegate.swift */ = {isa = PBXFileReference; lastKnownFileType = sourcecode.swift; path = AppDelegate.swift; sourceTree = "<group>"; };
		B30830072158961C004D0B1A /* Base */ = {isa = PBXFileReference; lastKnownFileType = file.storyboard; name = Base; path = Base.lproj/LaunchScreen.storyboard; sourceTree = "<group>"; };
		B30830092158961C004D0B1A /* Info.plist */ = {isa = PBXFileReference; lastKnownFileType = text.plist.xml; path = Info.plist; sourceTree = "<group>"; };
		B308300F21589A82004D0B1A /* Start.storyboard */ = {isa = PBXFileReference; lastKnownFileType = file.storyboard; path = Start.storyboard; sourceTree = "<group>"; };
		B31A20D72232DC600040AED6 /* SuggestedUsersViewController.swift */ = {isa = PBXFileReference; lastKnownFileType = sourcecode.swift; path = SuggestedUsersViewController.swift; sourceTree = "<group>"; };
		B31A20D92232EBE50040AED6 /* SuggestedUserCell.swift */ = {isa = PBXFileReference; lastKnownFileType = sourcecode.swift; path = SuggestedUserCell.swift; sourceTree = "<group>"; };
		B31A4DA0222CE72D00EAEF77 /* Comment.swift */ = {isa = PBXFileReference; lastKnownFileType = sourcecode.swift; path = Comment.swift; sourceTree = "<group>"; };
		B32F24FA2159B87C00930BAA /* SignInViewController.swift */ = {isa = PBXFileReference; lastKnownFileType = sourcecode.swift; path = SignInViewController.swift; sourceTree = "<group>"; };
		B32F24FC2159C4C800930BAA /* SignUpViewController.swift */ = {isa = PBXFileReference; lastKnownFileType = sourcecode.swift; path = SignUpViewController.swift; sourceTree = "<group>"; };
		B32F2502215AB96700930BAA /* HomeViewController.swift */ = {isa = PBXFileReference; lastKnownFileType = sourcecode.swift; path = HomeViewController.swift; sourceTree = "<group>"; };
		B32F2505215AB9AE00930BAA /* DiscoverViewController.swift */ = {isa = PBXFileReference; lastKnownFileType = sourcecode.swift; path = DiscoverViewController.swift; sourceTree = "<group>"; };
		B32F2507215AB9C100930BAA /* CameraViewController.swift */ = {isa = PBXFileReference; lastKnownFileType = sourcecode.swift; path = CameraViewController.swift; sourceTree = "<group>"; };
		B32F2509215AB9F000930BAA /* MeetingRequestsTableViewController.swift */ = {isa = PBXFileReference; lastKnownFileType = sourcecode.swift; path = MeetingRequestsTableViewController.swift; sourceTree = "<group>"; };
		B32F250B215ABA1700930BAA /* ProfileViewController.swift */ = {isa = PBXFileReference; lastKnownFileType = sourcecode.swift; path = ProfileViewController.swift; sourceTree = "<group>"; };
		B3308CB021D60B8500A0404D /* SubjectCell.swift */ = {isa = PBXFileReference; lastKnownFileType = sourcecode.swift; path = SubjectCell.swift; sourceTree = "<group>"; };
		B3308CB221D60C2F00A0404D /* SubjectsViewController.swift */ = {isa = PBXFileReference; lastKnownFileType = sourcecode.swift; path = SubjectsViewController.swift; sourceTree = "<group>"; };
		B3431C572196806600401E8D /* UserCellInNewMessages.swift */ = {isa = PBXFileReference; lastKnownFileType = sourcecode.swift; path = UserCellInNewMessages.swift; sourceTree = "<group>"; };
		B3433A9721744C8C00BE44D7 /* ChatLogViewController.swift */ = {isa = PBXFileReference; lastKnownFileType = sourcecode.swift; path = ChatLogViewController.swift; sourceTree = "<group>"; };
		B34E7889215B0AA600A79B10 /* Main.storyboard */ = {isa = PBXFileReference; fileEncoding = 4; lastKnownFileType = file.storyboard; path = Main.storyboard; sourceTree = "<group>"; };
		B34E788B215B354E00A79B10 /* Home.storyboard */ = {isa = PBXFileReference; fileEncoding = 4; lastKnownFileType = file.storyboard; path = Home.storyboard; sourceTree = "<group>"; };
		B34E788D215B361500A79B10 /* Discover.storyboard */ = {isa = PBXFileReference; fileEncoding = 4; lastKnownFileType = file.storyboard; path = Discover.storyboard; sourceTree = "<group>"; };
		B34E788F215B438A00A79B10 /* Camera.storyboard */ = {isa = PBXFileReference; fileEncoding = 4; lastKnownFileType = file.storyboard; path = Camera.storyboard; sourceTree = "<group>"; };
		B34E7891215B43B500A79B10 /* Activity.storyboard */ = {isa = PBXFileReference; fileEncoding = 4; lastKnownFileType = file.storyboard; path = Activity.storyboard; sourceTree = "<group>"; };
		B34E7893215B43E500A79B10 /* Profile.storyboard */ = {isa = PBXFileReference; fileEncoding = 4; lastKnownFileType = file.storyboard; path = Profile.storyboard; sourceTree = "<group>"; };
		B34E7898215B5B6400A79B10 /* GoogleService-Info.plist */ = {isa = PBXFileReference; fileEncoding = 4; lastKnownFileType = text.plist.xml; path = "GoogleService-Info.plist"; sourceTree = "<group>"; };
		B34E789A2163337700A79B10 /* AuthService.swift */ = {isa = PBXFileReference; lastKnownFileType = sourcecode.swift; path = AuthService.swift; sourceTree = "<group>"; };
		B34E78A1216829A400A79B10 /* PostCell.swift */ = {isa = PBXFileReference; lastKnownFileType = sourcecode.swift; path = PostCell.swift; sourceTree = "<group>"; };
		B34E78A32169BABC00A79B10 /* UserCellInDiscover.swift */ = {isa = PBXFileReference; lastKnownFileType = sourcecode.swift; path = UserCellInDiscover.swift; sourceTree = "<group>"; };
		B358F45721F431CA00E53F08 /* DatePickerViewController.swift */ = {isa = PBXFileReference; lastKnownFileType = sourcecode.swift; path = DatePickerViewController.swift; sourceTree = "<group>"; };
		B358F45A21F4FE0A00E53F08 /* LocationPickerViewController.swift */ = {isa = PBXFileReference; lastKnownFileType = sourcecode.swift; path = LocationPickerViewController.swift; sourceTree = "<group>"; };
		B358F45C21F546D500E53F08 /* MeetingRequest.swift */ = {isa = PBXFileReference; lastKnownFileType = sourcecode.swift; path = MeetingRequest.swift; sourceTree = "<group>"; };
		B358F46021F94CEB00E53F08 /* MeetingRequestCell.swift */ = {isa = PBXFileReference; lastKnownFileType = sourcecode.swift; path = MeetingRequestCell.swift; sourceTree = "<group>"; };
		B36EA7ED220C0EC100551E8C /* ScheduledMeetingsTableViewController.swift */ = {isa = PBXFileReference; lastKnownFileType = sourcecode.swift; path = ScheduledMeetingsTableViewController.swift; sourceTree = "<group>"; };
		B36F4E6C220D2DBB001380EE /* MasterActivityViewController.swift */ = {isa = PBXFileReference; lastKnownFileType = sourcecode.swift; path = MasterActivityViewController.swift; sourceTree = "<group>"; };
		B371BC4E22695A5E00224E43 /* TuTour.entitlements */ = {isa = PBXFileReference; lastKnownFileType = text.plist.entitlements; path = TuTour.entitlements; sourceTree = "<group>"; };
		B3728ED8220E0407003FA560 /* ScheduledMeeting.swift */ = {isa = PBXFileReference; lastKnownFileType = sourcecode.swift; path = ScheduledMeeting.swift; sourceTree = "<group>"; };
		B37A32B7222AFB98008B7F56 /* CommentCell.swift */ = {isa = PBXFileReference; lastKnownFileType = sourcecode.swift; path = CommentCell.swift; sourceTree = "<group>"; };
		B38A14CC2213D97500CFEAA5 /* SelectAvailableDaysViewController.swift */ = {isa = PBXFileReference; lastKnownFileType = sourcecode.swift; path = SelectAvailableDaysViewController.swift; sourceTree = "<group>"; };
		B39EE9E922039DF9005550A9 /* MeetingRequestViewController.swift */ = {isa = PBXFileReference; lastKnownFileType = sourcecode.swift; path = MeetingRequestViewController.swift; sourceTree = "<group>"; };
		B3A3C90221D751BA00E0C05F /* SubjectVCFindTutor.swift */ = {isa = PBXFileReference; lastKnownFileType = sourcecode.swift; path = SubjectVCFindTutor.swift; sourceTree = "<group>"; };
		B3A3C90421D7524900E0C05F /* SubjectsVCRegisterAsTutor.swift */ = {isa = PBXFileReference; lastKnownFileType = sourcecode.swift; path = SubjectsVCRegisterAsTutor.swift; sourceTree = "<group>"; };
		B3A3C90921DD745300E0C05F /* SubjectCellWithNumTutors.swift */ = {isa = PBXFileReference; lastKnownFileType = sourcecode.swift; path = SubjectCellWithNumTutors.swift; sourceTree = "<group>"; };
		B3BD05812177F5B500315922 /* CreateNewMessageThreadViewController.swift */ = {isa = PBXFileReference; lastKnownFileType = sourcecode.swift; path = CreateNewMessageThreadViewController.swift; sourceTree = "<group>"; };
		B3BD05C3218E639C00315922 /* MessagesViewController.swift */ = {isa = PBXFileReference; lastKnownFileType = sourcecode.swift; path = MessagesViewController.swift; sourceTree = "<group>"; };
		B3BD05C5218E65A100315922 /* User.swift */ = {isa = PBXFileReference; lastKnownFileType = sourcecode.swift; path = User.swift; sourceTree = "<group>"; };
		B3CE030521AD042D00BABFD9 /* MessageCell.swift */ = {isa = PBXFileReference; lastKnownFileType = sourcecode.swift; path = MessageCell.swift; sourceTree = "<group>"; };
		B3CE030921B2035900BABFD9 /* DirectMessageBubble.swift */ = {isa = PBXFileReference; lastKnownFileType = sourcecode.swift; path = DirectMessageBubble.swift; sourceTree = "<group>"; };
		B3CE617A21FFDF1A00AB4DF7 /* UserCell.swift */ = {isa = PBXFileReference; lastKnownFileType = sourcecode.swift; path = UserCell.swift; sourceTree = "<group>"; };
		B3F1A3A6222C1056001C8DC3 /* CommentsTableViewController.swift */ = {isa = PBXFileReference; lastKnownFileType = sourcecode.swift; path = CommentsTableViewController.swift; sourceTree = "<group>"; };
/* End PBXFileReference section */

/* Begin PBXFrameworksBuildPhase section */
		B3082FF72158961B004D0B1A /* Frameworks */ = {
			isa = PBXFrameworksBuildPhase;
			buildActionMask = 2147483647;
			files = (
				B121FA3ECE01D835217E0F53 /* Pods_TuTour.framework in Frameworks */,
			);
			runOnlyForDeploymentPostprocessing = 0;
		};
/* End PBXFrameworksBuildPhase section */

/* Begin PBXGroup section */
		09B31ED2D257709AD6ABB3A3 /* Pods */ = {
			isa = PBXGroup;
			children = (
				4B488484B1750DA64F0FC1F0 /* Pods-TuTour.debug.xcconfig */,
				4923FC0A93FB08F55D26ACB2 /* Pods-TuTour.release.xcconfig */,
			);
			path = Pods;
			sourceTree = "<group>";
		};
		B3082FF12158961B004D0B1A = {
			isa = PBXGroup;
			children = (
				B3082FFC2158961B004D0B1A /* TuTour */,
				B3082FFB2158961B004D0B1A /* Products */,
				09B31ED2D257709AD6ABB3A3 /* Pods */,
				E91F72198E9A6E29706832D5 /* Frameworks */,
			);
			sourceTree = "<group>";
		};
		B3082FFB2158961B004D0B1A /* Products */ = {
			isa = PBXGroup;
			children = (
				B3082FFA2158961B004D0B1A /* TuTour.app */,
			);
			name = Products;
			sourceTree = "<group>";
		};
		B3082FFC2158961B004D0B1A /* TuTour */ = {
			isa = PBXGroup;
			children = (
				B371BC4E22695A5E00224E43 /* TuTour.entitlements */,
				B3082FFD2158961B004D0B1A /* AppDelegate.swift */,
				B34E789A2163337700A79B10 /* AuthService.swift */,
				B34E7895215B447400A79B10 /* Views */,
				B34E789E21681C8400A79B10 /* Models */,
				B3CE030421AD03A500BABFD9 /* Cells */,
				B32F2504215AB98200930BAA /* Controllers */,
				B30830062158961C004D0B1A /* LaunchScreen.storyboard */,
				B30830092158961C004D0B1A /* Info.plist */,
				B34E7898215B5B6400A79B10 /* GoogleService-Info.plist */,
				9406F93E22151AA800FBFC35 /* Assets.xcassets */,
			);
			path = TuTour;
			sourceTree = "<group>";
		};
		B32F2504215AB98200930BAA /* Controllers */ = {
			isa = PBXGroup;
			children = (
				B3A3C90821D752BC00E0C05F /* Authentication */,
				B3A3C90721D752A700E0C05F /* Messaging */,
				B3A3C90621D7528700E0C05F /* Subjects */,
				B358F45921F4FDCE00E53F08 /* Scheduling Meeeting */,
				B32F2502215AB96700930BAA /* HomeViewController.swift */,
				B3F1A3A6222C1056001C8DC3 /* CommentsTableViewController.swift */,
				B32F2507215AB9C100930BAA /* CameraViewController.swift */,
				B32F250B215ABA1700930BAA /* ProfileViewController.swift */,
				5BF43D79220AB02C00B83085 /* ProfileSettingsController.swift */,
				B31A20D72232DC600040AED6 /* SuggestedUsersViewController.swift */,
			);
			path = Controllers;
			sourceTree = "<group>";
		};
		B34E7895215B447400A79B10 /* Views */ = {
			isa = PBXGroup;
			children = (
				B308300F21589A82004D0B1A /* Start.storyboard */,
				B34E7889215B0AA600A79B10 /* Main.storyboard */,
				B34E788B215B354E00A79B10 /* Home.storyboard */,
				B34E788D215B361500A79B10 /* Discover.storyboard */,
				B34E788F215B438A00A79B10 /* Camera.storyboard */,
				B34E7891215B43B500A79B10 /* Activity.storyboard */,
				B34E7893215B43E500A79B10 /* Profile.storyboard */,
			);
			path = Views;
			sourceTree = "<group>";
		};
		B34E789E21681C8400A79B10 /* Models */ = {
			isa = PBXGroup;
			children = (
				B3BD05C5218E65A100315922 /* User.swift */,
				B305646A218FFD5E0022EE7F /* Message.swift */,
				B358F45C21F546D500E53F08 /* MeetingRequest.swift */,
				B3728ED8220E0407003FA560 /* ScheduledMeeting.swift */,
				B31A4DA0222CE72D00EAEF77 /* Comment.swift */,
			);
			path = Models;
			sourceTree = "<group>";
		};
		B358F45921F4FDCE00E53F08 /* Scheduling Meeeting */ = {
			isa = PBXGroup;
			children = (
				B36F4E6C220D2DBB001380EE /* MasterActivityViewController.swift */,
				B32F2509215AB9F000930BAA /* MeetingRequestsTableViewController.swift */,
				B36EA7ED220C0EC100551E8C /* ScheduledMeetingsTableViewController.swift */,
				B358F45721F431CA00E53F08 /* DatePickerViewController.swift */,
				B358F45A21F4FE0A00E53F08 /* LocationPickerViewController.swift */,
				B39EE9E922039DF9005550A9 /* MeetingRequestViewController.swift */,
			);
			path = "Scheduling Meeeting";
			sourceTree = "<group>";
		};
		B3A3C90621D7528700E0C05F /* Subjects */ = {
			isa = PBXGroup;
			children = (
				B3308CB221D60C2F00A0404D /* SubjectsViewController.swift */,
				B3A3C90221D751BA00E0C05F /* SubjectVCFindTutor.swift */,
				B3A3C90421D7524900E0C05F /* SubjectsVCRegisterAsTutor.swift */,
				B32F2505215AB9AE00930BAA /* DiscoverViewController.swift */,
			);
			path = Subjects;
			sourceTree = "<group>";
		};
		B3A3C90721D752A700E0C05F /* Messaging */ = {
			isa = PBXGroup;
			children = (
				B3BD05C3218E639C00315922 /* MessagesViewController.swift */,
				B3433A9721744C8C00BE44D7 /* ChatLogViewController.swift */,
				B3BD05812177F5B500315922 /* CreateNewMessageThreadViewController.swift */,
			);
			path = Messaging;
			sourceTree = "<group>";
		};
		B3A3C90821D752BC00E0C05F /* Authentication */ = {
			isa = PBXGroup;
			children = (
				B32F24FA2159B87C00930BAA /* SignInViewController.swift */,
				B32F24FC2159C4C800930BAA /* SignUpViewController.swift */,
				B38A14CC2213D97500CFEAA5 /* SelectAvailableDaysViewController.swift */,
			);
			path = Authentication;
			sourceTree = "<group>";
		};
		B3CE030421AD03A500BABFD9 /* Cells */ = {
			isa = PBXGroup;
			children = (
				B3CE617A21FFDF1A00AB4DF7 /* UserCell.swift */,
				B34E78A32169BABC00A79B10 /* UserCellInDiscover.swift */,
				B3431C572196806600401E8D /* UserCellInNewMessages.swift */,
				B3CE030521AD042D00BABFD9 /* MessageCell.swift */,
				B3CE030921B2035900BABFD9 /* DirectMessageBubble.swift */,
				B3308CB021D60B8500A0404D /* SubjectCell.swift */,
				B3A3C90921DD745300E0C05F /* SubjectCellWithNumTutors.swift */,
				B358F46021F94CEB00E53F08 /* MeetingRequestCell.swift */,
				B37A32B7222AFB98008B7F56 /* CommentCell.swift */,
				B31A20D92232EBE50040AED6 /* SuggestedUserCell.swift */,
				B34E78A1216829A400A79B10 /* PostCell.swift */,
			);
			path = Cells;
			sourceTree = "<group>";
		};
		E91F72198E9A6E29706832D5 /* Frameworks */ = {
			isa = PBXGroup;
			children = (
				85ACB923AE449EA5A49E4C4A /* Pods_TuTour.framework */,
			);
			name = Frameworks;
			sourceTree = "<group>";
		};
/* End PBXGroup section */

/* Begin PBXNativeTarget section */
		B3082FF92158961B004D0B1A /* TuTour */ = {
			isa = PBXNativeTarget;
			buildConfigurationList = B308300C2158961C004D0B1A /* Build configuration list for PBXNativeTarget "TuTour" */;
			buildPhases = (
				B86B9C42E707103C4861313A /* [CP] Check Pods Manifest.lock */,
				B3082FF62158961B004D0B1A /* Sources */,
				B3082FF72158961B004D0B1A /* Frameworks */,
				B3082FF82158961B004D0B1A /* Resources */,
				3D0B0B2D9D3696D007CC09D3 /* [CP] Embed Pods Frameworks */,
			);
			buildRules = (
			);
			dependencies = (
			);
			name = TuTour;
			productName = GolfGram;
			productReference = B3082FFA2158961B004D0B1A /* TuTour.app */;
			productType = "com.apple.product-type.application";
		};
/* End PBXNativeTarget section */

/* Begin PBXProject section */
		B3082FF22158961B004D0B1A /* Project object */ = {
			isa = PBXProject;
			attributes = {
				LastSwiftUpdateCheck = 1000;
				LastUpgradeCheck = 1000;
				ORGANIZATIONNAME = JoshTaylorKardos;
				TargetAttributes = {
					B3082FF92158961B004D0B1A = {
						CreatedOnToolsVersion = 10.0;
						SystemCapabilities = {
							com.apple.Push = {
								enabled = 1;
							};
						};
					};
				};
			};
			buildConfigurationList = B3082FF52158961B004D0B1A /* Build configuration list for PBXProject "TuTour" */;
			compatibilityVersion = "Xcode 9.3";
			developmentRegion = en;
			hasScannedForEncodings = 0;
			knownRegions = (
				en,
				Base,
			);
			mainGroup = B3082FF12158961B004D0B1A;
			productRefGroup = B3082FFB2158961B004D0B1A /* Products */;
			projectDirPath = "";
			projectRoot = "";
			targets = (
				B3082FF92158961B004D0B1A /* TuTour */,
			);
		};
/* End PBXProject section */

/* Begin PBXResourcesBuildPhase section */
		B3082FF82158961B004D0B1A /* Resources */ = {
			isa = PBXResourcesBuildPhase;
			buildActionMask = 2147483647;
			files = (
				B34E7899215B5B6400A79B10 /* GoogleService-Info.plist in Resources */,
				B30830082158961C004D0B1A /* LaunchScreen.storyboard in Resources */,
				B34E7890215B438A00A79B10 /* Camera.storyboard in Resources */,
				B34E788C215B354E00A79B10 /* Home.storyboard in Resources */,
				9406F93F22151AA800FBFC35 /* Assets.xcassets in Resources */,
				B308301021589A82004D0B1A /* Start.storyboard in Resources */,
				B34E788A215B0AA600A79B10 /* Main.storyboard in Resources */,
				B34E7894215B43E500A79B10 /* Profile.storyboard in Resources */,
				B34E788E215B361500A79B10 /* Discover.storyboard in Resources */,
				B34E7892215B43B500A79B10 /* Activity.storyboard in Resources */,
			);
			runOnlyForDeploymentPostprocessing = 0;
		};
/* End PBXResourcesBuildPhase section */

/* Begin PBXShellScriptBuildPhase section */
		3D0B0B2D9D3696D007CC09D3 /* [CP] Embed Pods Frameworks */ = {
			isa = PBXShellScriptBuildPhase;
			buildActionMask = 2147483647;
			files = (
			);
			inputFileListPaths = (
			);
			inputPaths = (
				"${PODS_ROOT}/Target Support Files/Pods-TuTour/Pods-TuTour-frameworks.sh",
				"${BUILT_PRODUCTS_DIR}/ChameleonFramework/ChameleonFramework.framework",
				"${BUILT_PRODUCTS_DIR}/GTMSessionFetcher/GTMSessionFetcher.framework",
				"${BUILT_PRODUCTS_DIR}/GoogleUtilities/GoogleUtilities.framework",
				"${BUILT_PRODUCTS_DIR}/PagingKit/PagingKit.framework",
				"${BUILT_PRODUCTS_DIR}/ProgressHUD/ProgressHUD.framework",
				"${BUILT_PRODUCTS_DIR}/TaggerKit/TaggerKit.framework",
				"${BUILT_PRODUCTS_DIR}/TextFieldEffects/TextFieldEffects.framework",
				"${BUILT_PRODUCTS_DIR}/leveldb-library/leveldb.framework",
				"${BUILT_PRODUCTS_DIR}/nanopb/nanopb.framework",
			);
			name = "[CP] Embed Pods Frameworks";
			outputFileListPaths = (
			);
			outputPaths = (
				"${TARGET_BUILD_DIR}/${FRAMEWORKS_FOLDER_PATH}/ChameleonFramework.framework",
				"${TARGET_BUILD_DIR}/${FRAMEWORKS_FOLDER_PATH}/GTMSessionFetcher.framework",
				"${TARGET_BUILD_DIR}/${FRAMEWORKS_FOLDER_PATH}/GoogleUtilities.framework",
				"${TARGET_BUILD_DIR}/${FRAMEWORKS_FOLDER_PATH}/PagingKit.framework",
				"${TARGET_BUILD_DIR}/${FRAMEWORKS_FOLDER_PATH}/ProgressHUD.framework",
				"${TARGET_BUILD_DIR}/${FRAMEWORKS_FOLDER_PATH}/TaggerKit.framework",
				"${TARGET_BUILD_DIR}/${FRAMEWORKS_FOLDER_PATH}/TextFieldEffects.framework",
				"${TARGET_BUILD_DIR}/${FRAMEWORKS_FOLDER_PATH}/leveldb.framework",
				"${TARGET_BUILD_DIR}/${FRAMEWORKS_FOLDER_PATH}/nanopb.framework",
			);
			runOnlyForDeploymentPostprocessing = 0;
			shellPath = /bin/sh;
			shellScript = "\"${PODS_ROOT}/Target Support Files/Pods-TuTour/Pods-TuTour-frameworks.sh\"\n";
			showEnvVarsInLog = 0;
		};
		B86B9C42E707103C4861313A /* [CP] Check Pods Manifest.lock */ = {
			isa = PBXShellScriptBuildPhase;
			buildActionMask = 2147483647;
			files = (
			);
			inputFileListPaths = (
			);
			inputPaths = (
				"${PODS_PODFILE_DIR_PATH}/Podfile.lock",
				"${PODS_ROOT}/Manifest.lock",
			);
			name = "[CP] Check Pods Manifest.lock";
			outputFileListPaths = (
			);
			outputPaths = (
				"$(DERIVED_FILE_DIR)/Pods-TuTour-checkManifestLockResult.txt",
			);
			runOnlyForDeploymentPostprocessing = 0;
			shellPath = /bin/sh;
			shellScript = "diff \"${PODS_PODFILE_DIR_PATH}/Podfile.lock\" \"${PODS_ROOT}/Manifest.lock\" > /dev/null\nif [ $? != 0 ] ; then\n    # print error to STDERR\n    echo \"error: The sandbox is not in sync with the Podfile.lock. Run 'pod install' or update your CocoaPods installation.\" >&2\n    exit 1\nfi\n# This output is used by Xcode 'outputs' to avoid re-running this script phase.\necho \"SUCCESS\" > \"${SCRIPT_OUTPUT_FILE_0}\"\n";
			showEnvVarsInLog = 0;
		};
/* End PBXShellScriptBuildPhase section */

/* Begin PBXSourcesBuildPhase section */
		B3082FF62158961B004D0B1A /* Sources */ = {
			isa = PBXSourcesBuildPhase;
			buildActionMask = 2147483647;
			files = (
				5BF43D7A220AB02C00B83085 /* ProfileSettingsController.swift in Sources */,
				B32F24FD2159C4C800930BAA /* SignUpViewController.swift in Sources */,
				B3F1A3A7222C1056001C8DC3 /* CommentsTableViewController.swift in Sources */,
				B34E78A42169BABC00A79B10 /* UserCellInDiscover.swift in Sources */,
				B358F45821F431CA00E53F08 /* DatePickerViewController.swift in Sources */,
				B39EE9EA22039DF9005550A9 /* MeetingRequestViewController.swift in Sources */,
				B3A3C90A21DD745300E0C05F /* SubjectCellWithNumTutors.swift in Sources */,
				B3CE030A21B2035900BABFD9 /* DirectMessageBubble.swift in Sources */,
				B3308CB121D60B8500A0404D /* SubjectCell.swift in Sources */,
				B32F24FB2159B87C00930BAA /* SignInViewController.swift in Sources */,
				B3A3C90521D7524900E0C05F /* SubjectsVCRegisterAsTutor.swift in Sources */,
				B38A14CD2213D97500CFEAA5 /* SelectAvailableDaysViewController.swift in Sources */,
				B3CE617B21FFDF1A00AB4DF7 /* UserCell.swift in Sources */,
				B305646B218FFD5E0022EE7F /* Message.swift in Sources */,
				B36F4E6D220D2DBB001380EE /* MasterActivityViewController.swift in Sources */,
				B3082FFE2158961B004D0B1A /* AppDelegate.swift in Sources */,
				B36EA7EE220C0EC100551E8C /* ScheduledMeetingsTableViewController.swift in Sources */,
				B34E789B2163337700A79B10 /* AuthService.swift in Sources */,
				B358F46121F94CEB00E53F08 /* MeetingRequestCell.swift in Sources */,
				B32F2503215AB96700930BAA /* HomeViewController.swift in Sources */,
				B32F250A215AB9F000930BAA /* MeetingRequestsTableViewController.swift in Sources */,
				B3BD05C6218E65A100315922 /* User.swift in Sources */,
				B3308CB321D60C2F00A0404D /* SubjectsViewController.swift in Sources */,
				B3728ED9220E0407003FA560 /* ScheduledMeeting.swift in Sources */,
				B358F45B21F4FE0A00E53F08 /* LocationPickerViewController.swift in Sources */,
				B31A20DA2232EBE50040AED6 /* SuggestedUserCell.swift in Sources */,
				B3433A9821744C8C00BE44D7 /* ChatLogViewController.swift in Sources */,
				B358F45D21F546D500E53F08 /* MeetingRequest.swift in Sources */,
				B3CE030621AD042D00BABFD9 /* MessageCell.swift in Sources */,
				B32F2506215AB9AE00930BAA /* DiscoverViewController.swift in Sources */,
				B32F250C215ABA1700930BAA /* ProfileViewController.swift in Sources */,
				B32F2508215AB9C100930BAA /* CameraViewController.swift in Sources */,
				B3431C582196806600401E8D /* UserCellInNewMessages.swift in Sources */,
				B34E78A2216829A400A79B10 /* PostCell.swift in Sources */,
				B31A4DA1222CE72D00EAEF77 /* Comment.swift in Sources */,
				B3A3C90321D751BA00E0C05F /* SubjectVCFindTutor.swift in Sources */,
				B37A32B8222AFB98008B7F56 /* CommentCell.swift in Sources */,
				B3BD05C4218E639C00315922 /* MessagesViewController.swift in Sources */,
				B3BD05822177F5B500315922 /* CreateNewMessageThreadViewController.swift in Sources */,
				B31A20D82232DC600040AED6 /* SuggestedUsersViewController.swift in Sources */,
			);
			runOnlyForDeploymentPostprocessing = 0;
		};
/* End PBXSourcesBuildPhase section */

/* Begin PBXVariantGroup section */
		B30830062158961C004D0B1A /* LaunchScreen.storyboard */ = {
			isa = PBXVariantGroup;
			children = (
				B30830072158961C004D0B1A /* Base */,
			);
			name = LaunchScreen.storyboard;
			sourceTree = "<group>";
		};
/* End PBXVariantGroup section */

/* Begin XCBuildConfiguration section */
		B308300A2158961C004D0B1A /* Debug */ = {
			isa = XCBuildConfiguration;
			buildSettings = {
				ALWAYS_SEARCH_USER_PATHS = NO;
				CLANG_ANALYZER_NONNULL = YES;
				CLANG_ANALYZER_NUMBER_OBJECT_CONVERSION = YES_AGGRESSIVE;
				CLANG_CXX_LANGUAGE_STANDARD = "gnu++14";
				CLANG_CXX_LIBRARY = "libc++";
				CLANG_ENABLE_MODULES = YES;
				CLANG_ENABLE_OBJC_ARC = YES;
				CLANG_ENABLE_OBJC_WEAK = YES;
				CLANG_WARN_BLOCK_CAPTURE_AUTORELEASING = YES;
				CLANG_WARN_BOOL_CONVERSION = YES;
				CLANG_WARN_COMMA = YES;
				CLANG_WARN_CONSTANT_CONVERSION = YES;
				CLANG_WARN_DEPRECATED_OBJC_IMPLEMENTATIONS = YES;
				CLANG_WARN_DIRECT_OBJC_ISA_USAGE = YES_ERROR;
				CLANG_WARN_DOCUMENTATION_COMMENTS = YES;
				CLANG_WARN_EMPTY_BODY = YES;
				CLANG_WARN_ENUM_CONVERSION = YES;
				CLANG_WARN_INFINITE_RECURSION = YES;
				CLANG_WARN_INT_CONVERSION = YES;
				CLANG_WARN_NON_LITERAL_NULL_CONVERSION = YES;
				CLANG_WARN_OBJC_IMPLICIT_RETAIN_SELF = YES;
				CLANG_WARN_OBJC_LITERAL_CONVERSION = YES;
				CLANG_WARN_OBJC_ROOT_CLASS = YES_ERROR;
				CLANG_WARN_RANGE_LOOP_ANALYSIS = YES;
				CLANG_WARN_STRICT_PROTOTYPES = YES;
				CLANG_WARN_SUSPICIOUS_MOVE = YES;
				CLANG_WARN_UNGUARDED_AVAILABILITY = YES_AGGRESSIVE;
				CLANG_WARN_UNREACHABLE_CODE = YES;
				CLANG_WARN__DUPLICATE_METHOD_MATCH = YES;
				CODE_SIGN_IDENTITY = "iPhone Developer";
				COPY_PHASE_STRIP = NO;
				DEBUG_INFORMATION_FORMAT = dwarf;
				ENABLE_STRICT_OBJC_MSGSEND = YES;
				ENABLE_TESTABILITY = YES;
				GCC_C_LANGUAGE_STANDARD = gnu11;
				GCC_DYNAMIC_NO_PIC = NO;
				GCC_NO_COMMON_BLOCKS = YES;
				GCC_OPTIMIZATION_LEVEL = 0;
				GCC_PREPROCESSOR_DEFINITIONS = (
					"DEBUG=1",
					"$(inherited)",
				);
				GCC_WARN_64_TO_32_BIT_CONVERSION = YES;
				GCC_WARN_ABOUT_RETURN_TYPE = YES_ERROR;
				GCC_WARN_UNDECLARED_SELECTOR = YES;
				GCC_WARN_UNINITIALIZED_AUTOS = YES_AGGRESSIVE;
				GCC_WARN_UNUSED_FUNCTION = YES;
				GCC_WARN_UNUSED_VARIABLE = YES;
				IPHONEOS_DEPLOYMENT_TARGET = 12.0;
				MTL_ENABLE_DEBUG_INFO = INCLUDE_SOURCE;
				MTL_FAST_MATH = YES;
				ONLY_ACTIVE_ARCH = YES;
				SDKROOT = iphoneos;
				SWIFT_ACTIVE_COMPILATION_CONDITIONS = DEBUG;
				SWIFT_OPTIMIZATION_LEVEL = "-Onone";
			};
			name = Debug;
		};
		B308300B2158961C004D0B1A /* Release */ = {
			isa = XCBuildConfiguration;
			buildSettings = {
				ALWAYS_SEARCH_USER_PATHS = NO;
				CLANG_ANALYZER_NONNULL = YES;
				CLANG_ANALYZER_NUMBER_OBJECT_CONVERSION = YES_AGGRESSIVE;
				CLANG_CXX_LANGUAGE_STANDARD = "gnu++14";
				CLANG_CXX_LIBRARY = "libc++";
				CLANG_ENABLE_MODULES = YES;
				CLANG_ENABLE_OBJC_ARC = YES;
				CLANG_ENABLE_OBJC_WEAK = YES;
				CLANG_WARN_BLOCK_CAPTURE_AUTORELEASING = YES;
				CLANG_WARN_BOOL_CONVERSION = YES;
				CLANG_WARN_COMMA = YES;
				CLANG_WARN_CONSTANT_CONVERSION = YES;
				CLANG_WARN_DEPRECATED_OBJC_IMPLEMENTATIONS = YES;
				CLANG_WARN_DIRECT_OBJC_ISA_USAGE = YES_ERROR;
				CLANG_WARN_DOCUMENTATION_COMMENTS = YES;
				CLANG_WARN_EMPTY_BODY = YES;
				CLANG_WARN_ENUM_CONVERSION = YES;
				CLANG_WARN_INFINITE_RECURSION = YES;
				CLANG_WARN_INT_CONVERSION = YES;
				CLANG_WARN_NON_LITERAL_NULL_CONVERSION = YES;
				CLANG_WARN_OBJC_IMPLICIT_RETAIN_SELF = YES;
				CLANG_WARN_OBJC_LITERAL_CONVERSION = YES;
				CLANG_WARN_OBJC_ROOT_CLASS = YES_ERROR;
				CLANG_WARN_RANGE_LOOP_ANALYSIS = YES;
				CLANG_WARN_STRICT_PROTOTYPES = YES;
				CLANG_WARN_SUSPICIOUS_MOVE = YES;
				CLANG_WARN_UNGUARDED_AVAILABILITY = YES_AGGRESSIVE;
				CLANG_WARN_UNREACHABLE_CODE = YES;
				CLANG_WARN__DUPLICATE_METHOD_MATCH = YES;
				CODE_SIGN_IDENTITY = "iPhone Developer";
				COPY_PHASE_STRIP = NO;
				DEBUG_INFORMATION_FORMAT = "dwarf-with-dsym";
				ENABLE_NS_ASSERTIONS = NO;
				ENABLE_STRICT_OBJC_MSGSEND = YES;
				GCC_C_LANGUAGE_STANDARD = gnu11;
				GCC_NO_COMMON_BLOCKS = YES;
				GCC_WARN_64_TO_32_BIT_CONVERSION = YES;
				GCC_WARN_ABOUT_RETURN_TYPE = YES_ERROR;
				GCC_WARN_UNDECLARED_SELECTOR = YES;
				GCC_WARN_UNINITIALIZED_AUTOS = YES_AGGRESSIVE;
				GCC_WARN_UNUSED_FUNCTION = YES;
				GCC_WARN_UNUSED_VARIABLE = YES;
				IPHONEOS_DEPLOYMENT_TARGET = 12.0;
				MTL_ENABLE_DEBUG_INFO = NO;
				MTL_FAST_MATH = YES;
				SDKROOT = iphoneos;
				SWIFT_COMPILATION_MODE = wholemodule;
				SWIFT_OPTIMIZATION_LEVEL = "-O";
				VALIDATE_PRODUCT = YES;
			};
			name = Release;
		};
		B308300D2158961C004D0B1A /* Debug */ = {
			isa = XCBuildConfiguration;
			baseConfigurationReference = 4B488484B1750DA64F0FC1F0 /* Pods-TuTour.debug.xcconfig */;
			buildSettings = {
				ASSETCATALOG_COMPILER_APPICON_NAME = AppIcon;
				CODE_SIGN_ENTITLEMENTS = TuTour/TuTour.entitlements;
				CODE_SIGN_STYLE = Automatic;
				DEVELOPMENT_TEAM = S879Z9A2RC;
				INFOPLIST_FILE = "$(SRCROOT)/TuTour/Info.plist";
				LD_RUNPATH_SEARCH_PATHS = (
					"$(inherited)",
					"@executable_path/Frameworks",
				);
				PRODUCT_BUNDLE_IDENTIFIER = com.JoshKardos.GolfGram123;
				PRODUCT_NAME = "$(TARGET_NAME)";
				SWIFT_VERSION = 4.2;
				TARGETED_DEVICE_FAMILY = "1,2";
			};
			name = Debug;
		};
		B308300E2158961C004D0B1A /* Release */ = {
			isa = XCBuildConfiguration;
			baseConfigurationReference = 4923FC0A93FB08F55D26ACB2 /* Pods-TuTour.release.xcconfig */;
			buildSettings = {
				ASSETCATALOG_COMPILER_APPICON_NAME = AppIcon;
				CODE_SIGN_ENTITLEMENTS = TuTour/TuTour.entitlements;
				CODE_SIGN_STYLE = Automatic;
				DEVELOPMENT_TEAM = S879Z9A2RC;
				INFOPLIST_FILE = "$(SRCROOT)/TuTour/Info.plist";
				LD_RUNPATH_SEARCH_PATHS = (
					"$(inherited)",
					"@executable_path/Frameworks",
				);
				PRODUCT_BUNDLE_IDENTIFIER = com.JoshKardos.GolfGram123;
				PRODUCT_NAME = "$(TARGET_NAME)";
				SWIFT_VERSION = 4.2;
				TARGETED_DEVICE_FAMILY = "1,2";
			};
			name = Release;
		};
/* End XCBuildConfiguration section */

/* Begin XCConfigurationList section */
		B3082FF52158961B004D0B1A /* Build configuration list for PBXProject "TuTour" */ = {
			isa = XCConfigurationList;
			buildConfigurations = (
				B308300A2158961C004D0B1A /* Debug */,
				B308300B2158961C004D0B1A /* Release */,
			);
			defaultConfigurationIsVisible = 0;
			defaultConfigurationName = Release;
		};
		B308300C2158961C004D0B1A /* Build configuration list for PBXNativeTarget "TuTour" */ = {
			isa = XCConfigurationList;
			buildConfigurations = (
				B308300D2158961C004D0B1A /* Debug */,
				B308300E2158961C004D0B1A /* Release */,
			);
			defaultConfigurationIsVisible = 0;
			defaultConfigurationName = Release;
		};
/* End XCConfigurationList section */
	};
	rootObject = B3082FF22158961B004D0B1A /* Project object */;
}
